
Microsoft Visual Studio Solution File, Format Version 12.00
# Visual Studio Version 16
VisualStudioVersion = 16.0.32126.315
MinimumVisualStudioVersion = 10.0.40219.1
Project("{2150E333-8FDC-42A3-9474-1A3956D46DE8}") = "Services", "Services", "{6203B1AC-5613-4B5F-BE6C-30C789DAE123}"
EndProject
Project("{2150E333-8FDC-42A3-9474-1A3956D46DE8}") = "Config", "Config", "{A5CFA7FF-8C27-4963-B751-F44D4024A4FB}"
EndProject
Project("{9A19103F-16F7-4668-BE54-9A1E7A4F7556}") = "Config.API", "Services\Config\Config.API\Config.API.csproj", "{1FF2460F-34EE-4B6B-8AD2-4BA955C76795}"
EndProject
Project("{2150E333-8FDC-42A3-9474-1A3956D46DE8}") = "User", "User", "{E4131C8F-35BB-41C0-AF1D-66DD2D9601AA}"
EndProject
Project("{9A19103F-16F7-4668-BE54-9A1E7A4F7556}") = "User.API", "Services\User\User.API\User.API.csproj", "{9D947D32-3647-4B2F-BB3D-BDC6D1174814}"
EndProject
Project("{2150E333-8FDC-42A3-9474-1A3956D46DE8}") = "BuildingBlocks", "BuildingBlocks", "{DD3B8BBE-437D-4B18-9E78-1CE3402B4056}"
EndProject
Project("{9A19103F-16F7-4668-BE54-9A1E7A4F7556}") = "Common.Authorization", "BuildingBlocks\Common.Authorization\Common.Authorization.csproj", "{5DF2C76A-D302-43DD-B79E-FE22003F641A}"
EndProject
Project("{9A19103F-16F7-4668-BE54-9A1E7A4F7556}") = "Common.Models", "BuildingBlocks\Common.Models\Common.Models.csproj", "{48D0DE99-FEB3-469F-98F8-351FA13F0E2C}"
EndProject
Project("{2150E333-8FDC-42A3-9474-1A3956D46DE8}") = "Notification", "Notification", "{AE01CBAE-29AF-485E-8E86-798C73BC8A48}"
EndProject
Project("{9A19103F-16F7-4668-BE54-9A1E7A4F7556}") = "Notifications.API", "Services\Notification\Notifications.API.csproj", "{D222D731-8835-4613-8770-D54D15D91571}"
EndProject
Project("{9A19103F-16F7-4668-BE54-9A1E7A4F7556}") = "Common.EventMessages", "BuildingBlocks\Common.EventMessages\Common.EventMessages.csproj", "{D0049421-56C7-4EA5-91FA-A37F213C6D7A}"
EndProject
Project("{9A19103F-16F7-4668-BE54-9A1E7A4F7556}") = "Common.Extensions", "BuildingBlocks\Common.Extensions\Common.Extensions\Common.Extensions.csproj", "{85A21085-93F0-4F0C-9D15-143D54273111}"
EndProject
Project("{E53339B2-1760-4266-BCC7-CA923CBCF16C}") = "docker-compose", "docker-compose.dcproj", "{E2DA34CE-51C5-4938-BA76-AC7E6840AE45}"
EndProject
Project("{2150E333-8FDC-42A3-9474-1A3956D46DE8}") = "Core", "Core", "{B4A7AE11-1CD1-413B-875F-4504B33476D8}"
EndProject
Project("{9A19103F-16F7-4668-BE54-9A1E7A4F7556}") = "Core.API", "Services\Core\Core.API\Core.API.csproj", "{313CBAD9-46C3-473B-BD5B-925E605E39BA}"
EndProject
Project("{9A19103F-16F7-4668-BE54-9A1E7A4F7556}") = "Common.Messages", "BuildingBlocks\Common.Messages\Common.Messages\Common.Messages.csproj", "{6DC5887B-C94B-4F1B-AABF-9D798383C9B3}"
EndProject
Project("{9A19103F-16F7-4668-BE54-9A1E7A4F7556}") = "Common.AzureBlobUtility", "BuildingBlocks\Common.AzureBlobUtility\Common.AzureBlobUtility.csproj", "{1A43D36B-024B-4648-9679-B7AF12D6070E}"
EndProject
Project("{9A19103F-16F7-4668-BE54-9A1E7A4F7556}") = "Common.Payments", "BuildingBlocks\Common.Payments\Common.Payments.csproj", "{03F3347B-B8DE-494F-A08D-F763A2D59A4D}"
EndProject
Project("{9A19103F-16F7-4668-BE54-9A1E7A4F7556}") = "Common.Notifications", "BuildingBlocks\Common.Notifications\Common.Notifications.csproj", "{25539919-1DB9-4AD2-936E-0811B31DB650}"
EndProject
Project("{2150E333-8FDC-42A3-9474-1A3956D46DE8}") = "MobileWebApp", "MobileWebApp", "{6DF2FC7B-4AD9-4F83-A591-24B38D5808A4}"
EndProject
Project("{9A19103F-16F7-4668-BE54-9A1E7A4F7556}") = "WebApp.API", "Services\MobileWebApp\WebApp.API\WebApp.API.csproj", "{D773A2DF-8366-461D-8A18-57D55CA7E4FC}"
EndProject
Project("{9A19103F-16F7-4668-BE54-9A1E7A4F7556}") = "Common.PPSR", "BuildingBlocks\Common.PPSR\Common.PPSR.csproj", "{F29DC9FF-0D3B-485C-A19B-C9FF8383DB50}"
EndProject
Project("{2150E333-8FDC-42A3-9474-1A3956D46DE8}") = "ExternalService", "ExternalService", "{E8E1DA3B-1722-41BA-988B-8F676E32365B}"
EndProject
Project("{FAE04EC0-301F-11D3-BF4B-00C04F79EFBC}") = "External.API", "Services\External\External.API\External.API.csproj", "{54151B05-2A96-413E-A1AE-72351D0D4597}"
EndProject
Project("{9A19103F-16F7-4668-BE54-9A1E7A4F7556}") = "Common.Identity", "BuildingBlocks\Common.Identity\Common.Identity.csproj", "{8EEAAAD0-386D-4CB4-89D4-E88AC960B65E}"
EndProject
Project("{9A19103F-16F7-4668-BE54-9A1E7A4F7556}") = "Common.Validations", "BuildingBlocks\Common.Validations\Common.Validations.csproj", "{C9BDCAAF-F93A-40A4-9E77-E427A69375C4}"
EndProject
Global
	GlobalSection(SolutionConfigurationPlatforms) = preSolution
		Debug|Any CPU = Debug|Any CPU
		Dev|Any CPU = Dev|Any CPU
		Preprod|Any CPU = Preprod|Any CPU
		Release|Any CPU = Release|Any CPU
		Sta|Any CPU = Sta|Any CPU
	EndGlobalSection
	GlobalSection(ProjectConfigurationPlatforms) = postSolution
		{1FF2460F-34EE-4B6B-8AD2-4BA955C76795}.Debug|Any CPU.ActiveCfg = Debug|Any CPU
		{1FF2460F-34EE-4B6B-8AD2-4BA955C76795}.Debug|Any CPU.Build.0 = Debug|Any CPU
		{1FF2460F-34EE-4B6B-8AD2-4BA955C76795}.Dev|Any CPU.ActiveCfg = Dev|Any CPU
		{1FF2460F-34EE-4B6B-8AD2-4BA955C76795}.Dev|Any CPU.Build.0 = Dev|Any CPU
		{1FF2460F-34EE-4B6B-8AD2-4BA955C76795}.Preprod|Any CPU.ActiveCfg = Preprod|Any CPU
		{1FF2460F-34EE-4B6B-8AD2-4BA955C76795}.Preprod|Any CPU.Build.0 = Preprod|Any CPU
		{1FF2460F-34EE-4B6B-8AD2-4BA955C76795}.Release|Any CPU.ActiveCfg = Release|Any CPU
		{1FF2460F-34EE-4B6B-8AD2-4BA955C76795}.Release|Any CPU.Build.0 = Release|Any CPU
		{1FF2460F-34EE-4B6B-8AD2-4BA955C76795}.Sta|Any CPU.ActiveCfg = Sta|Any CPU
		{1FF2460F-34EE-4B6B-8AD2-4BA955C76795}.Sta|Any CPU.Build.0 = Sta|Any CPU
		{9D947D32-3647-4B2F-BB3D-BDC6D1174814}.Debug|Any CPU.ActiveCfg = Debug|Any CPU
		{9D947D32-3647-4B2F-BB3D-BDC6D1174814}.Debug|Any CPU.Build.0 = Debug|Any CPU
		{9D947D32-3647-4B2F-BB3D-BDC6D1174814}.Dev|Any CPU.ActiveCfg = Dev|Any CPU
		{9D947D32-3647-4B2F-BB3D-BDC6D1174814}.Dev|Any CPU.Build.0 = Dev|Any CPU
		{9D947D32-3647-4B2F-BB3D-BDC6D1174814}.Preprod|Any CPU.ActiveCfg = Preprod|Any CPU
		{9D947D32-3647-4B2F-BB3D-BDC6D1174814}.Preprod|Any CPU.Build.0 = Preprod|Any CPU
		{9D947D32-3647-4B2F-BB3D-BDC6D1174814}.Release|Any CPU.ActiveCfg = Release|Any CPU
		{9D947D32-3647-4B2F-BB3D-BDC6D1174814}.Release|Any CPU.Build.0 = Release|Any CPU
		{9D947D32-3647-4B2F-BB3D-BDC6D1174814}.Sta|Any CPU.ActiveCfg = Sta|Any CPU
		{9D947D32-3647-4B2F-BB3D-BDC6D1174814}.Sta|Any CPU.Build.0 = Sta|Any CPU
		{5DF2C76A-D302-43DD-B79E-FE22003F641A}.Debug|Any CPU.ActiveCfg = Debug|Any CPU
		{5DF2C76A-D302-43DD-B79E-FE22003F641A}.Debug|Any CPU.Build.0 = Debug|Any CPU
		{5DF2C76A-D302-43DD-B79E-FE22003F641A}.Dev|Any CPU.ActiveCfg = Dev|Any CPU
		{5DF2C76A-D302-43DD-B79E-FE22003F641A}.Dev|Any CPU.Build.0 = Dev|Any CPU
		{5DF2C76A-D302-43DD-B79E-FE22003F641A}.Preprod|Any CPU.ActiveCfg = Preprod|Any CPU
		{5DF2C76A-D302-43DD-B79E-FE22003F641A}.Preprod|Any CPU.Build.0 = Preprod|Any CPU
		{5DF2C76A-D302-43DD-B79E-FE22003F641A}.Release|Any CPU.ActiveCfg = Release|Any CPU
		{5DF2C76A-D302-43DD-B79E-FE22003F641A}.Release|Any CPU.Build.0 = Release|Any CPU
		{5DF2C76A-D302-43DD-B79E-FE22003F641A}.Sta|Any CPU.ActiveCfg = Sta|Any CPU
		{5DF2C76A-D302-43DD-B79E-FE22003F641A}.Sta|Any CPU.Build.0 = Sta|Any CPU
		{48D0DE99-FEB3-469F-98F8-351FA13F0E2C}.Debug|Any CPU.ActiveCfg = Debug|Any CPU
		{48D0DE99-FEB3-469F-98F8-351FA13F0E2C}.Debug|Any CPU.Build.0 = Debug|Any CPU
		{48D0DE99-FEB3-469F-98F8-351FA13F0E2C}.Dev|Any CPU.ActiveCfg = Dev|Any CPU
		{48D0DE99-FEB3-469F-98F8-351FA13F0E2C}.Dev|Any CPU.Build.0 = Dev|Any CPU
		{48D0DE99-FEB3-469F-98F8-351FA13F0E2C}.Preprod|Any CPU.ActiveCfg = Preprod|Any CPU
		{48D0DE99-FEB3-469F-98F8-351FA13F0E2C}.Preprod|Any CPU.Build.0 = Preprod|Any CPU
		{48D0DE99-FEB3-469F-98F8-351FA13F0E2C}.Release|Any CPU.ActiveCfg = Release|Any CPU
		{48D0DE99-FEB3-469F-98F8-351FA13F0E2C}.Release|Any CPU.Build.0 = Release|Any CPU
		{48D0DE99-FEB3-469F-98F8-351FA13F0E2C}.Sta|Any CPU.ActiveCfg = Sta|Any CPU
		{48D0DE99-FEB3-469F-98F8-351FA13F0E2C}.Sta|Any CPU.Build.0 = Sta|Any CPU
		{D222D731-8835-4613-8770-D54D15D91571}.Debug|Any CPU.ActiveCfg = Debug|Any CPU
		{D222D731-8835-4613-8770-D54D15D91571}.Debug|Any CPU.Build.0 = Debug|Any CPU
		{D222D731-8835-4613-8770-D54D15D91571}.Dev|Any CPU.ActiveCfg = Dev|Any CPU
		{D222D731-8835-4613-8770-D54D15D91571}.Dev|Any CPU.Build.0 = Dev|Any CPU
		{D222D731-8835-4613-8770-D54D15D91571}.Preprod|Any CPU.ActiveCfg = Preprod|Any CPU
		{D222D731-8835-4613-8770-D54D15D91571}.Preprod|Any CPU.Build.0 = Preprod|Any CPU
		{D222D731-8835-4613-8770-D54D15D91571}.Release|Any CPU.ActiveCfg = Release|Any CPU
		{D222D731-8835-4613-8770-D54D15D91571}.Release|Any CPU.Build.0 = Release|Any CPU
		{D222D731-8835-4613-8770-D54D15D91571}.Sta|Any CPU.ActiveCfg = Sta|Any CPU
		{D222D731-8835-4613-8770-D54D15D91571}.Sta|Any CPU.Build.0 = Sta|Any CPU
		{D0049421-56C7-4EA5-91FA-A37F213C6D7A}.Debug|Any CPU.ActiveCfg = Debug|Any CPU
		{D0049421-56C7-4EA5-91FA-A37F213C6D7A}.Debug|Any CPU.Build.0 = Debug|Any CPU
		{D0049421-56C7-4EA5-91FA-A37F213C6D7A}.Dev|Any CPU.ActiveCfg = Dev|Any CPU
		{D0049421-56C7-4EA5-91FA-A37F213C6D7A}.Dev|Any CPU.Build.0 = Dev|Any CPU
		{D0049421-56C7-4EA5-91FA-A37F213C6D7A}.Preprod|Any CPU.ActiveCfg = Preprod|Any CPU
		{D0049421-56C7-4EA5-91FA-A37F213C6D7A}.Preprod|Any CPU.Build.0 = Preprod|Any CPU
		{D0049421-56C7-4EA5-91FA-A37F213C6D7A}.Release|Any CPU.ActiveCfg = Release|Any CPU
		{D0049421-56C7-4EA5-91FA-A37F213C6D7A}.Release|Any CPU.Build.0 = Release|Any CPU
		{D0049421-56C7-4EA5-91FA-A37F213C6D7A}.Sta|Any CPU.ActiveCfg = Sta|Any CPU
		{D0049421-56C7-4EA5-91FA-A37F213C6D7A}.Sta|Any CPU.Build.0 = Sta|Any CPU
		{85A21085-93F0-4F0C-9D15-143D54273111}.Debug|Any CPU.ActiveCfg = Debug|Any CPU
		{85A21085-93F0-4F0C-9D15-143D54273111}.Debug|Any CPU.Build.0 = Debug|Any CPU
		{85A21085-93F0-4F0C-9D15-143D54273111}.Dev|Any CPU.ActiveCfg = Dev|Any CPU
		{85A21085-93F0-4F0C-9D15-143D54273111}.Dev|Any CPU.Build.0 = Dev|Any CPU
		{85A21085-93F0-4F0C-9D15-143D54273111}.Preprod|Any CPU.ActiveCfg = Preprod|Any CPU
		{85A21085-93F0-4F0C-9D15-143D54273111}.Preprod|Any CPU.Build.0 = Preprod|Any CPU
		{85A21085-93F0-4F0C-9D15-143D54273111}.Release|Any CPU.ActiveCfg = Release|Any CPU
		{85A21085-93F0-4F0C-9D15-143D54273111}.Release|Any CPU.Build.0 = Release|Any CPU
		{85A21085-93F0-4F0C-9D15-143D54273111}.Sta|Any CPU.ActiveCfg = Sta|Any CPU
		{85A21085-93F0-4F0C-9D15-143D54273111}.Sta|Any CPU.Build.0 = Sta|Any CPU
		{E2DA34CE-51C5-4938-BA76-AC7E6840AE45}.Debug|Any CPU.ActiveCfg = Debug|Any CPU
		{E2DA34CE-51C5-4938-BA76-AC7E6840AE45}.Debug|Any CPU.Build.0 = Debug|Any CPU
		{E2DA34CE-51C5-4938-BA76-AC7E6840AE45}.Dev|Any CPU.ActiveCfg = Debug|Any CPU
		{E2DA34CE-51C5-4938-BA76-AC7E6840AE45}.Preprod|Any CPU.ActiveCfg = Release|Any CPU
		{E2DA34CE-51C5-4938-BA76-AC7E6840AE45}.Release|Any CPU.ActiveCfg = Release|Any CPU
		{E2DA34CE-51C5-4938-BA76-AC7E6840AE45}.Release|Any CPU.Build.0 = Release|Any CPU
		{E2DA34CE-51C5-4938-BA76-AC7E6840AE45}.Sta|Any CPU.ActiveCfg = Release|Any CPU
		{313CBAD9-46C3-473B-BD5B-925E605E39BA}.Debug|Any CPU.ActiveCfg = Debug|Any CPU
		{313CBAD9-46C3-473B-BD5B-925E605E39BA}.Debug|Any CPU.Build.0 = Debug|Any CPU
		{313CBAD9-46C3-473B-BD5B-925E605E39BA}.Dev|Any CPU.ActiveCfg = Dev|Any CPU
		{313CBAD9-46C3-473B-BD5B-925E605E39BA}.Dev|Any CPU.Build.0 = Dev|Any CPU
		{313CBAD9-46C3-473B-BD5B-925E605E39BA}.Preprod|Any CPU.ActiveCfg = Preprod|Any CPU
		{313CBAD9-46C3-473B-BD5B-925E605E39BA}.Preprod|Any CPU.Build.0 = Preprod|Any CPU
		{313CBAD9-46C3-473B-BD5B-925E605E39BA}.Release|Any CPU.ActiveCfg = Release|Any CPU
		{313CBAD9-46C3-473B-BD5B-925E605E39BA}.Release|Any CPU.Build.0 = Release|Any CPU
		{313CBAD9-46C3-473B-BD5B-925E605E39BA}.Sta|Any CPU.ActiveCfg = Sta|Any CPU
		{313CBAD9-46C3-473B-BD5B-925E605E39BA}.Sta|Any CPU.Build.0 = Sta|Any CPU
		{6DC5887B-C94B-4F1B-AABF-9D798383C9B3}.Debug|Any CPU.ActiveCfg = Debug|Any CPU
		{6DC5887B-C94B-4F1B-AABF-9D798383C9B3}.Debug|Any CPU.Build.0 = Debug|Any CPU
		{6DC5887B-C94B-4F1B-AABF-9D798383C9B3}.Dev|Any CPU.ActiveCfg = Dev|Any CPU
		{6DC5887B-C94B-4F1B-AABF-9D798383C9B3}.Dev|Any CPU.Build.0 = Dev|Any CPU
		{6DC5887B-C94B-4F1B-AABF-9D798383C9B3}.Preprod|Any CPU.ActiveCfg = Preprod|Any CPU
		{6DC5887B-C94B-4F1B-AABF-9D798383C9B3}.Preprod|Any CPU.Build.0 = Preprod|Any CPU
		{6DC5887B-C94B-4F1B-AABF-9D798383C9B3}.Release|Any CPU.ActiveCfg = Release|Any CPU
		{6DC5887B-C94B-4F1B-AABF-9D798383C9B3}.Release|Any CPU.Build.0 = Release|Any CPU
		{6DC5887B-C94B-4F1B-AABF-9D798383C9B3}.Sta|Any CPU.ActiveCfg = Sta|Any CPU
		{6DC5887B-C94B-4F1B-AABF-9D798383C9B3}.Sta|Any CPU.Build.0 = Sta|Any CPU
		{1A43D36B-024B-4648-9679-B7AF12D6070E}.Debug|Any CPU.ActiveCfg = Debug|Any CPU
		{1A43D36B-024B-4648-9679-B7AF12D6070E}.Debug|Any CPU.Build.0 = Debug|Any CPU
		{1A43D36B-024B-4648-9679-B7AF12D6070E}.Dev|Any CPU.ActiveCfg = Dev|Any CPU
		{1A43D36B-024B-4648-9679-B7AF12D6070E}.Dev|Any CPU.Build.0 = Dev|Any CPU
		{1A43D36B-024B-4648-9679-B7AF12D6070E}.Preprod|Any CPU.ActiveCfg = Preprod|Any CPU
		{1A43D36B-024B-4648-9679-B7AF12D6070E}.Preprod|Any CPU.Build.0 = Preprod|Any CPU
		{1A43D36B-024B-4648-9679-B7AF12D6070E}.Release|Any CPU.ActiveCfg = Release|Any CPU
		{1A43D36B-024B-4648-9679-B7AF12D6070E}.Release|Any CPU.Build.0 = Release|Any CPU
		{1A43D36B-024B-4648-9679-B7AF12D6070E}.Sta|Any CPU.ActiveCfg = Sta|Any CPU
		{1A43D36B-024B-4648-9679-B7AF12D6070E}.Sta|Any CPU.Build.0 = Sta|Any CPU
		{03F3347B-B8DE-494F-A08D-F763A2D59A4D}.Debug|Any CPU.ActiveCfg = Debug|Any CPU
		{03F3347B-B8DE-494F-A08D-F763A2D59A4D}.Debug|Any CPU.Build.0 = Debug|Any CPU
		{03F3347B-B8DE-494F-A08D-F763A2D59A4D}.Dev|Any CPU.ActiveCfg = Dev|Any CPU
		{03F3347B-B8DE-494F-A08D-F763A2D59A4D}.Dev|Any CPU.Build.0 = Dev|Any CPU
		{03F3347B-B8DE-494F-A08D-F763A2D59A4D}.Preprod|Any CPU.ActiveCfg = Preprod|Any CPU
		{03F3347B-B8DE-494F-A08D-F763A2D59A4D}.Preprod|Any CPU.Build.0 = Preprod|Any CPU
		{03F3347B-B8DE-494F-A08D-F763A2D59A4D}.Release|Any CPU.ActiveCfg = Release|Any CPU
		{03F3347B-B8DE-494F-A08D-F763A2D59A4D}.Release|Any CPU.Build.0 = Release|Any CPU
		{03F3347B-B8DE-494F-A08D-F763A2D59A4D}.Sta|Any CPU.ActiveCfg = Sta|Any CPU
		{03F3347B-B8DE-494F-A08D-F763A2D59A4D}.Sta|Any CPU.Build.0 = Sta|Any CPU
		{25539919-1DB9-4AD2-936E-0811B31DB650}.Debug|Any CPU.ActiveCfg = Debug|Any CPU
		{25539919-1DB9-4AD2-936E-0811B31DB650}.Debug|Any CPU.Build.0 = Debug|Any CPU
		{25539919-1DB9-4AD2-936E-0811B31DB650}.Dev|Any CPU.ActiveCfg = Dev|Any CPU
		{25539919-1DB9-4AD2-936E-0811B31DB650}.Dev|Any CPU.Build.0 = Dev|Any CPU
		{25539919-1DB9-4AD2-936E-0811B31DB650}.Preprod|Any CPU.ActiveCfg = Preprod|Any CPU
		{25539919-1DB9-4AD2-936E-0811B31DB650}.Preprod|Any CPU.Build.0 = Preprod|Any CPU
		{25539919-1DB9-4AD2-936E-0811B31DB650}.Release|Any CPU.ActiveCfg = Release|Any CPU
		{25539919-1DB9-4AD2-936E-0811B31DB650}.Release|Any CPU.Build.0 = Release|Any CPU
		{25539919-1DB9-4AD2-936E-0811B31DB650}.Sta|Any CPU.ActiveCfg = Sta|Any CPU
		{25539919-1DB9-4AD2-936E-0811B31DB650}.Sta|Any CPU.Build.0 = Sta|Any CPU
		{D773A2DF-8366-461D-8A18-57D55CA7E4FC}.Debug|Any CPU.ActiveCfg = Debug|Any CPU
		{D773A2DF-8366-461D-8A18-57D55CA7E4FC}.Debug|Any CPU.Build.0 = Debug|Any CPU
		{D773A2DF-8366-461D-8A18-57D55CA7E4FC}.Dev|Any CPU.ActiveCfg = Dev|Any CPU
		{D773A2DF-8366-461D-8A18-57D55CA7E4FC}.Dev|Any CPU.Build.0 = Dev|Any CPU
		{D773A2DF-8366-461D-8A18-57D55CA7E4FC}.Preprod|Any CPU.ActiveCfg = Preprod|Any CPU
		{D773A2DF-8366-461D-8A18-57D55CA7E4FC}.Preprod|Any CPU.Build.0 = Preprod|Any CPU
		{D773A2DF-8366-461D-8A18-57D55CA7E4FC}.Release|Any CPU.ActiveCfg = Release|Any CPU
		{D773A2DF-8366-461D-8A18-57D55CA7E4FC}.Release|Any CPU.Build.0 = Release|Any CPU
		{D773A2DF-8366-461D-8A18-57D55CA7E4FC}.Sta|Any CPU.ActiveCfg = Sta|Any CPU
		{D773A2DF-8366-461D-8A18-57D55CA7E4FC}.Sta|Any CPU.Build.0 = Sta|Any CPU
		{F29DC9FF-0D3B-485C-A19B-C9FF8383DB50}.Debug|Any CPU.ActiveCfg = Debug|Any CPU
		{F29DC9FF-0D3B-485C-A19B-C9FF8383DB50}.Debug|Any CPU.Build.0 = Debug|Any CPU
		{F29DC9FF-0D3B-485C-A19B-C9FF8383DB50}.Dev|Any CPU.ActiveCfg = Dev|Any CPU
		{F29DC9FF-0D3B-485C-A19B-C9FF8383DB50}.Dev|Any CPU.Build.0 = Dev|Any CPU
		{F29DC9FF-0D3B-485C-A19B-C9FF8383DB50}.Preprod|Any CPU.ActiveCfg = Preprod|Any CPU
		{F29DC9FF-0D3B-485C-A19B-C9FF8383DB50}.Preprod|Any CPU.Build.0 = Preprod|Any CPU
		{F29DC9FF-0D3B-485C-A19B-C9FF8383DB50}.Release|Any CPU.ActiveCfg = Release|Any CPU
		{F29DC9FF-0D3B-485C-A19B-C9FF8383DB50}.Release|Any CPU.Build.0 = Release|Any CPU
		{F29DC9FF-0D3B-485C-A19B-C9FF8383DB50}.Sta|Any CPU.ActiveCfg = Sta|Any CPU
		{F29DC9FF-0D3B-485C-A19B-C9FF8383DB50}.Sta|Any CPU.Build.0 = Sta|Any CPU
		{54151B05-2A96-413E-A1AE-72351D0D4597}.Debug|Any CPU.ActiveCfg = Debug|Any CPU
		{54151B05-2A96-413E-A1AE-72351D0D4597}.Debug|Any CPU.Build.0 = Debug|Any CPU
		{54151B05-2A96-413E-A1AE-72351D0D4597}.Dev|Any CPU.ActiveCfg = Dev|Any CPU
		{54151B05-2A96-413E-A1AE-72351D0D4597}.Dev|Any CPU.Build.0 = Dev|Any CPU
		{54151B05-2A96-413E-A1AE-72351D0D4597}.Preprod|Any CPU.ActiveCfg = Preprod|Any CPU
		{54151B05-2A96-413E-A1AE-72351D0D4597}.Preprod|Any CPU.Build.0 = Preprod|Any CPU
		{54151B05-2A96-413E-A1AE-72351D0D4597}.Release|Any CPU.ActiveCfg = Release|Any CPU
		{54151B05-2A96-413E-A1AE-72351D0D4597}.Release|Any CPU.Build.0 = Release|Any CPU
		{54151B05-2A96-413E-A1AE-72351D0D4597}.Sta|Any CPU.ActiveCfg = Sta|Any CPU
		{54151B05-2A96-413E-A1AE-72351D0D4597}.Sta|Any CPU.Build.0 = Sta|Any CPU
		{8EEAAAD0-386D-4CB4-89D4-E88AC960B65E}.Debug|Any CPU.ActiveCfg = Debug|Any CPU
		{8EEAAAD0-386D-4CB4-89D4-E88AC960B65E}.Debug|Any CPU.Build.0 = Debug|Any CPU
		{8EEAAAD0-386D-4CB4-89D4-E88AC960B65E}.Dev|Any CPU.ActiveCfg = Dev|Any CPU
		{8EEAAAD0-386D-4CB4-89D4-E88AC960B65E}.Dev|Any CPU.Build.0 = Dev|Any CPU
		{8EEAAAD0-386D-4CB4-89D4-E88AC960B65E}.Preprod|Any CPU.ActiveCfg = Preprod|Any CPU
		{8EEAAAD0-386D-4CB4-89D4-E88AC960B65E}.Preprod|Any CPU.Build.0 = Preprod|Any CPU
		{8EEAAAD0-386D-4CB4-89D4-E88AC960B65E}.Release|Any CPU.ActiveCfg = Release|Any CPU
		{8EEAAAD0-386D-4CB4-89D4-E88AC960B65E}.Release|Any CPU.Build.0 = Release|Any CPU
		{8EEAAAD0-386D-4CB4-89D4-E88AC960B65E}.Sta|Any CPU.ActiveCfg = Sta|Any CPU
		{8EEAAAD0-386D-4CB4-89D4-E88AC960B65E}.Sta|Any CPU.Build.0 = Sta|Any CPU
		{C9BDCAAF-F93A-40A4-9E77-E427A69375C4}.Debug|Any CPU.ActiveCfg = Debug|Any CPU
		{C9BDCAAF-F93A-40A4-9E77-E427A69375C4}.Debug|Any CPU.Build.0 = Debug|Any CPU
		{C9BDCAAF-F93A-40A4-9E77-E427A69375C4}.Dev|Any CPU.ActiveCfg = Dev|Any CPU
		{C9BDCAAF-F93A-40A4-9E77-E427A69375C4}.Dev|Any CPU.Build.0 = Dev|Any CPU
		{C9BDCAAF-F93A-40A4-9E77-E427A69375C4}.Preprod|Any CPU.ActiveCfg = Preprod|Any CPU
		{C9BDCAAF-F93A-40A4-9E77-E427A69375C4}.Preprod|Any CPU.Build.0 = Preprod|Any CPU
		{C9BDCAAF-F93A-40A4-9E77-E427A69375C4}.Release|Any CPU.ActiveCfg = Release|Any CPU
		{C9BDCAAF-F93A-40A4-9E77-E427A69375C4}.Release|Any CPU.Build.0 = Release|Any CPU
		{C9BDCAAF-F93A-40A4-9E77-E427A69375C4}.Sta|Any CPU.ActiveCfg = Sta|Any CPU
		{C9BDCAAF-F93A-40A4-9E77-E427A69375C4}.Sta|Any CPU.Build.0 = Sta|Any CPU
	EndGlobalSection
	GlobalSection(SolutionProperties) = preSolution
		HideSolutionNode = FALSE
	EndGlobalSection
	GlobalSection(NestedProjects) = preSolution
		{A5CFA7FF-8C27-4963-B751-F44D4024A4FB} = {6203B1AC-5613-4B5F-BE6C-30C789DAE123}
		{1FF2460F-34EE-4B6B-8AD2-4BA955C76795} = {A5CFA7FF-8C27-4963-B751-F44D4024A4FB}
		{E4131C8F-35BB-41C0-AF1D-66DD2D9601AA} = {6203B1AC-5613-4B5F-BE6C-30C789DAE123}
		{9D947D32-3647-4B2F-BB3D-BDC6D1174814} = {E4131C8F-35BB-41C0-AF1D-66DD2D9601AA}
		{5DF2C76A-D302-43DD-B79E-FE22003F641A} = {DD3B8BBE-437D-4B18-9E78-1CE3402B4056}
		{48D0DE99-FEB3-469F-98F8-351FA13F0E2C} = {DD3B8BBE-437D-4B18-9E78-1CE3402B4056}
		{AE01CBAE-29AF-485E-8E86-798C73BC8A48} = {6203B1AC-5613-4B5F-BE6C-30C789DAE123}
		{D222D731-8835-4613-8770-D54D15D91571} = {AE01CBAE-29AF-485E-8E86-798C73BC8A48}
		{D0049421-56C7-4EA5-91FA-A37F213C6D7A} = {DD3B8BBE-437D-4B18-9E78-1CE3402B4056}
		{85A21085-93F0-4F0C-9D15-143D54273111} = {DD3B8BBE-437D-4B18-9E78-1CE3402B4056}
		{B4A7AE11-1CD1-413B-875F-4504B33476D8} = {6203B1AC-5613-4B5F-BE6C-30C789DAE123}
		{313CBAD9-46C3-473B-BD5B-925E605E39BA} = {B4A7AE11-1CD1-413B-875F-4504B33476D8}
		{6DC5887B-C94B-4F1B-AABF-9D798383C9B3} = {DD3B8BBE-437D-4B18-9E78-1CE3402B4056}
		{1A43D36B-024B-4648-9679-B7AF12D6070E} = {DD3B8BBE-437D-4B18-9E78-1CE3402B4056}
		{03F3347B-B8DE-494F-A08D-F763A2D59A4D} = {DD3B8BBE-437D-4B18-9E78-1CE3402B4056}
		{25539919-1DB9-4AD2-936E-0811B31DB650} = {DD3B8BBE-437D-4B18-9E78-1CE3402B4056}
		{6DF2FC7B-4AD9-4F83-A591-24B38D5808A4} = {6203B1AC-5613-4B5F-BE6C-30C789DAE123}
		{D773A2DF-8366-461D-8A18-57D55CA7E4FC} = {6DF2FC7B-4AD9-4F83-A591-24B38D5808A4}
		{F29DC9FF-0D3B-485C-A19B-C9FF8383DB50} = {DD3B8BBE-437D-4B18-9E78-1CE3402B4056}
		{E8E1DA3B-1722-41BA-988B-8F676E32365B} = {6203B1AC-5613-4B5F-BE6C-30C789DAE123}
		{54151B05-2A96-413E-A1AE-72351D0D4597} = {E8E1DA3B-1722-41BA-988B-8F676E32365B}
		{8EEAAAD0-386D-4CB4-89D4-E88AC960B65E} = {DD3B8BBE-437D-4B18-9E78-1CE3402B4056}
		{C9BDCAAF-F93A-40A4-9E77-E427A69375C4} = {DD3B8BBE-437D-4B18-9E78-1CE3402B4056}
	EndGlobalSection
	GlobalSection(ExtensibilityGlobals) = postSolution
		SolutionGuid = {D893EE37-58A7-41ED-9999-BE725EF89F3E}
	EndGlobalSection
EndGlobal
